{
  "name": "MiniGolfCalculator",
  "lockfileVersion": 2,
  "requires": true,
  "packages": {
    "": {
      "dependencies": {
        "js-cookie": "^3.0.5"
      },
      "devDependencies": {
        "tailwindcss": "^4.1.7"
      }
    },
    "node_modules/js-cookie": {
      "version": "3.0.5",
      "resolved": "https://registry.npmjs.org/js-cookie/-/js-cookie-3.0.5.tgz",
      "integrity": "sha512-cEiJEAEoIbWfCZYKWhVwFuvPX1gETRYPw6LlaTKoxD3s2AkXzkCjnp6h0V77ozyqj0jakteJ4YqDJT830+lVGw==",
      "engines": {
        "node": ">=14"
      }
    },
    "node_modules/tailwindcss": {
      "version": "4.1.7",
      "resolved": "https://registry.npmjs.org/tailwindcss/-/tailwindcss-4.1.7.tgz",
      "integrity": "sha512-kr1o/ErIdNhTz8uzAYL7TpaUuzKIE6QPQ4qmSdxnoX/lo+5wmUHQA6h3L5yIqEImSRnAAURDirLu/BgiXGPAhg==",
      "dev": true,
      "license": "MIT"
    }
  },
  "dependencies": {
    "js-cookie": {
      "version": "3.0.5",
      "resolved": "https://registry.npmjs.org/js-cookie/-/js-cookie-3.0.5.tgz",
      "integrity": "sha512-cEiJEAEoIbWfCZYKWhVwFuvPX1gETRYPw6LlaTKoxD3s2AkXzkCjnp6h0V77ozyqj0jakteJ4YqDJT830+lVGw=="
    },
    "tailwindcss": {
      "version": "4.1.7",
      "resolved": "https://registry.npmjs.org/tailwindcss/-/tailwindcss-4.1.7.tgz",
      "integrity": "sha512-kr1o/ErIdNhTz8uzAYL7TpaUuzKIE6QPQ4qmSdxnoX/lo+5wmUHQA6h3L5yIqEImSRnAAURDirLu/BgiXGPAhg==",
      "dev": true
    }
  }
}
